
Microsoft Visual Studio Solution File, Format Version 12.00
# Visual Studio Version 17
VisualStudioVersion = 17.9.34622.214
MinimumVisualStudioVersion = 10.0.40219.1
Project("{FAE04EC0-301F-11D3-BF4B-00C04F79EFBC}") = "Totten.Solution.Ragstore.WebApi", "Totten.Solution.Ragstore.WebApi\Totten.Solution.Ragstore.WebApi.csproj", "{F792D1DF-C144-4682-AF80-4B7E9857E3FB}"
EndProject
Project("{FAE04EC0-301F-11D3-BF4B-00C04F79EFBC}") = "Totten.Solution.Ragstore.Domain", "Totten.Solution.Ragstore.Domain\Totten.Solution.Ragstore.Domain.csproj", "{6BC67AA1-EE79-412C-A801-1C294651841E}"
EndProject
Project("{FAE04EC0-301F-11D3-BF4B-00C04F79EFBC}") = "Totten.Solution.Ragstore.ApplicationService", "Totten.Solution.Ragstore.ApplicationService\Totten.Solution.Ragstore.ApplicationService.csproj", "{B3AE1EA4-0FB6-4235-B60E-677FE906BE1D}"
EndProject
Project("{FAE04EC0-301F-11D3-BF4B-00C04F79EFBC}") = "Totten.Solution.Ragstore.Infra.Cross", "Totten.Solution.Ragstore.Infra.Cross\Totten.Solution.Ragstore.Infra.Cross.csproj", "{90E9C65C-81D9-497D-8CB3-11C3D3659C74}"
EndProject
Project("{FAE04EC0-301F-11D3-BF4B-00C04F79EFBC}") = "Totten.Solution.Ragstore.Infra.Data", "Totten.Solution.Ragstore.Infra.Data\Totten.Solution.Ragstore.Infra.Data.csproj", "{A0753B78-4439-4BC2-9181-96F9FD7EE233}"
EndProject
Project("{2150E333-8FDC-42A3-9474-1A3956D46DE8}") = "1. Distribution", "1. Distribution", "{D3A5D1CB-FD79-4FB3-83C0-F79D6AE28822}"
EndProject
Project("{2150E333-8FDC-42A3-9474-1A3956D46DE8}") = "2. Services", "2. Services", "{E5A84F35-6714-4192-9C4F-F06647B429B9}"
EndProject
Project("{2150E333-8FDC-42A3-9474-1A3956D46DE8}") = "3. Domain", "3. Domain", "{EF64CB79-A6C8-4E1E-A4C0-0ECFC5288D39}"
EndProject
Project("{2150E333-8FDC-42A3-9474-1A3956D46DE8}") = "4. Infra", "4. Infra", "{5FD060D1-6253-4033-A532-0D402990B97C}"
EndProject
Global
	GlobalSection(SolutionConfigurationPlatforms) = preSolution
		Debug|Any CPU = Debug|Any CPU
		Release|Any CPU = Release|Any CPU
	EndGlobalSection
	GlobalSection(ProjectConfigurationPlatforms) = postSolution
		{F792D1DF-C144-4682-AF80-4B7E9857E3FB}.Debug|Any CPU.ActiveCfg = Debug|Any CPU
		{F792D1DF-C144-4682-AF80-4B7E9857E3FB}.Debug|Any CPU.Build.0 = Debug|Any CPU
		{F792D1DF-C144-4682-AF80-4B7E9857E3FB}.Release|Any CPU.ActiveCfg = Release|Any CPU
		{F792D1DF-C144-4682-AF80-4B7E9857E3FB}.Release|Any CPU.Build.0 = Release|Any CPU
		{6BC67AA1-EE79-412C-A801-1C294651841E}.Debug|Any CPU.ActiveCfg = Debug|Any CPU
		{6BC67AA1-EE79-412C-A801-1C294651841E}.Debug|Any CPU.Build.0 = Debug|Any CPU
		{6BC67AA1-EE79-412C-A801-1C294651841E}.Release|Any CPU.ActiveCfg = Release|Any CPU
		{6BC67AA1-EE79-412C-A801-1C294651841E}.Release|Any CPU.Build.0 = Release|Any CPU
		{B3AE1EA4-0FB6-4235-B60E-677FE906BE1D}.Debug|Any CPU.ActiveCfg = Debug|Any CPU
		{B3AE1EA4-0FB6-4235-B60E-677FE906BE1D}.Debug|Any CPU.Build.0 = Debug|Any CPU
		{B3AE1EA4-0FB6-4235-B60E-677FE906BE1D}.Release|Any CPU.ActiveCfg = Release|Any CPU
		{B3AE1EA4-0FB6-4235-B60E-677FE906BE1D}.Release|Any CPU.Build.0 = Release|Any CPU
		{90E9C65C-81D9-497D-8CB3-11C3D3659C74}.Debug|Any CPU.ActiveCfg = Debug|Any CPU
		{90E9C65C-81D9-497D-8CB3-11C3D3659C74}.Debug|Any CPU.Build.0 = Debug|Any CPU
		{90E9C65C-81D9-497D-8CB3-11C3D3659C74}.Release|Any CPU.ActiveCfg = Release|Any CPU
		{90E9C65C-81D9-497D-8CB3-11C3D3659C74}.Release|Any CPU.Build.0 = Release|Any CPU
		{A0753B78-4439-4BC2-9181-96F9FD7EE233}.Debug|Any CPU.ActiveCfg = Debug|Any CPU
		{A0753B78-4439-4BC2-9181-96F9FD7EE233}.Debug|Any CPU.Build.0 = Debug|Any CPU
		{A0753B78-4439-4BC2-9181-96F9FD7EE233}.Release|Any CPU.ActiveCfg = Release|Any CPU
		{A0753B78-4439-4BC2-9181-96F9FD7EE233}.Release|Any CPU.Build.0 = Release|Any CPU
	EndGlobalSection
	GlobalSection(SolutionProperties) = preSolution
		HideSolutionNode = FALSE
	EndGlobalSection
	GlobalSection(NestedProjects) = preSolution
		{F792D1DF-C144-4682-AF80-4B7E9857E3FB} = {D3A5D1CB-FD79-4FB3-83C0-F79D6AE28822}
		{6BC67AA1-EE79-412C-A801-1C294651841E} = {EF64CB79-A6C8-4E1E-A4C0-0ECFC5288D39}
		{B3AE1EA4-0FB6-4235-B60E-677FE906BE1D} = {E5A84F35-6714-4192-9C4F-F06647B429B9}
		{90E9C65C-81D9-497D-8CB3-11C3D3659C74} = {5FD060D1-6253-4033-A532-0D402990B97C}
		{A0753B78-4439-4BC2-9181-96F9FD7EE233} = {5FD060D1-6253-4033-A532-0D402990B97C}
	EndGlobalSection
	GlobalSection(ExtensibilityGlobals) = postSolution
		SolutionGuid = {587A16B9-9C8C-495C-8F94-5FFC80A288C9}
	EndGlobalSection
EndGlobal
